
Microsoft Visual Studio Solution File, Format Version 12.00
# Visual Studio Version 16
VisualStudioVersion = 16.0.31410.357
MinimumVisualStudioVersion = 10.0.40219.1
Project("{2150E333-8FDC-42A3-9474-1A3956D46DE8}") = "FrontEnd", "FrontEnd", "{399AAEC6-2393-4721-85A7-60043013F39B}"
EndProject
Project("{FAE04EC0-301F-11D3-BF4B-00C04F79EFBC}") = "Paratha.Web", "Paratha.Web\Paratha.Web.csproj", "{81914AE9-A0C4-4294-BEB4-DDCCB257BF54}"
EndProject
Global
	GlobalSection(SolutionConfigurationPlatforms) = preSolution
		Debug|Any CPU = Debug|Any CPU
		Release|Any CPU = Release|Any CPU
	EndGlobalSection
	GlobalSection(ProjectConfigurationPlatforms) = postSolution
		{81914AE9-A0C4-4294-BEB4-DDCCB257BF54}.Debug|Any CPU.ActiveCfg = Debug|Any CPU
		{81914AE9-A0C4-4294-BEB4-DDCCB257BF54}.Debug|Any CPU.Build.0 = Debug|Any CPU
		{81914AE9-A0C4-4294-BEB4-DDCCB257BF54}.Release|Any CPU.ActiveCfg = Release|Any CPU
		{81914AE9-A0C4-4294-BEB4-DDCCB257BF54}.Release|Any CPU.Build.0 = Release|Any CPU
	EndGlobalSection
	GlobalSection(SolutionProperties) = preSolution
		HideSolutionNode = FALSE
	EndGlobalSection
	GlobalSection(NestedProjects) = preSolution
		{81914AE9-A0C4-4294-BEB4-DDCCB257BF54} = {399AAEC6-2393-4721-85A7-60043013F39B}
	EndGlobalSection
	GlobalSection(ExtensibilityGlobals) = postSolution
		SolutionGuid = {9496142A-2BF5-4577-8C59-4D8840A3CD9F}
	EndGlobalSection
EndGlobal
